{
  "pins" : [
    {
      "identity" : "stream-chat-swift",
      "kind" : "remoteSourceControl",
      "location" : "https://github.com/GetStream/stream-chat-swift.git",
      "state" : {
        "revision" : "8cdbc96cd166504023e81865ea99ac196886fe35",
        "version" : "4.47.1"
      }
    }
  ],
  "version" : 2
}
